<?xml version="1.0" encoding="utf-8"?>
<Project ToolsVersion="4.0" xmlns="http://schemas.microsoft.com/developer/msbuild/2003">
  <ItemGroup>
    <Filter Include="Source Files">
      <UniqueIdentifier>{4FC737F1-C7A5-4376-A066-2A32D752A2FF}</UniqueIdentifier>
      <Extensions>cpp;c;cc;cxx;def;odl;idl;hpj;bat;asm;asmx</Extensions>
    </Filter>
    <Filter Include="Header Files">
      <UniqueIdentifier>{93995380-89BD-4b04-88EB-625FBE52EBFB}</UniqueIdentifier>
      <Extensions>h;hh;hpp;hxx;hm;inl;inc;xsd</Extensions>
    </Filter>
    <Filter Include="Resource Files">
      <UniqueIdentifier>{D9D6E242-F8AF-46E4-B9FD-80ECBC20BA3E}</UniqueIdentifier>
      <Extensions>qrc;*</Extensions>
      <ParseFiles>false</ParseFiles>
    </Filter>
    <Filter Include="Resource Files">
      <UniqueIdentifier>{D9D6E242-F8AF-46E4-B9FD-80ECBC20BA3E}</UniqueIdentifier>
      <Extensions>qrc;*</Extensions>
      <ParseFiles>false</ParseFiles>
    </Filter>
    <Filter Include="Generated Files">
      <UniqueIdentifier>{71ED8ED8-ACB9-4CE9-BBE1-E00B30144E11}</UniqueIdentifier>
      <Extensions>moc;h;cpp</Extensions>
      <SourceControlFiles>False</SourceControlFiles>
    </Filter>
  </ItemGroup>
  <ItemGroup>
    <ClInclude Include="TsbhPlot_global.h">
      <Filter>Header Files</Filter>
    </ClInclude>
    <ClInclude Include="CommandManager.h">
      <Filter>Header Files</Filter>
    </ClInclude>
    <ClInclude Include="DrawLineTool.h">
      <Filter>Header Files</Filter>
    </ClInclude>
    <ClInclude Include="DrawPolygonTool.h">
      <Filter>Header Files</Filter>
    </ClInclude>
    <ClInclude Include="DrawRectangleTool.h">
      <Filter>Header Files</Filter>
    </ClInclude>
    <ClInclude Include="GeoDiagonalArrow.h">
      <Filter>Header Files</Filter>
    </ClInclude>
    <ClInclude Include="GeoDoubleArrow.h">
      <Filter>Header Files</Filter>
    </ClInclude>
    <ClInclude Include="PlotStyle.h">
      <Filter>Header Files</Filter>
    </ClInclude>
    <ClInclude Include="PlottingMath.h">
      <Filter>Header Files</Filter>
    </ClInclude>
    <ClInclude Include="GeoStraightArrow.h">
      <Filter>Header Files</Filter>
    </ClInclude>
    <ClInclude Include="CameraDevice.h">
      <Filter>Header Files</Filter>
    </ClInclude>
    <ClInclude Include="DrawCircleTool.h">
      <Filter>Header Files</Filter>
    </ClInclude>
    <ClInclude Include="DrawGeoPoint.h">
      <Filter>Header Files</Filter>
    </ClInclude>
    <ClInclude Include="DrawImageTool.h">
      <Filter>Header Files</Filter>
    </ClInclude>
    <ClInclude Include="DrawJBModeTool.h">
      <Filter>Header Files</Filter>
    </ClInclude>
    <ClInclude Include="DrawTextTool.h">
      <Filter>Header Files</Filter>
    </ClInclude>
    <ClInclude Include="GeoGatheringPlace.h">
      <Filter>Header Files</Filter>
    </ClInclude>
    <ClInclude Include="GeoLune.h">
      <Filter>Header Files</Filter>
    </ClInclude>
    <ClInclude Include="SameCenter.h">
      <Filter>Header Files</Filter>
    </ClInclude>
    <ClInclude Include="ToolManaMent.h">
      <Filter>Header Files</Filter>
    </ClInclude>
    <ClInclude Include="ToolProperty.h">
      <Filter>Header Files</Filter>
    </ClInclude>
    <ClInclude Include="SignageNode.h">
      <Filter>Header Files</Filter>
    </ClInclude>
    <ClInclude Include="PolygonBoxDrawble.h">
      <Filter>Header Files</Filter>
    </ClInclude>
    <ClInclude Include="TsbhPlot.h">
      <Filter>Header Files</Filter>
    </ClInclude>
  </ItemGroup>
  <ItemGroup>
    <ClCompile Include="TsbhPlot.cpp">
      <Filter>Source Files</Filter>
    </ClCompile>
    <ClCompile Include="DrawTool.cpp">
      <Filter>Source Files</Filter>
    </ClCompile>
    <ClCompile Include="CommandManager.cpp">
      <Filter>Source Files</Filter>
    </ClCompile>
    <ClCompile Include="DrawLineTool.cpp">
      <Filter>Source Files</Filter>
    </ClCompile>
    <ClCompile Include="DrawPolygonTool.cpp">
      <Filter>Source Files</Filter>
    </ClCompile>
    <ClCompile Include="DrawRectangleTool.cpp">
      <Filter>Source Files</Filter>
    </ClCompile>
    <ClCompile Include="GeoDiagonalArrow.cpp">
      <Filter>Source Files</Filter>
    </ClCompile>
    <ClCompile Include="GeoDoubleArrow.cpp">
      <Filter>Source Files</Filter>
    </ClCompile>
    <ClCompile Include="PlotStyle.cpp">
      <Filter>Source Files</Filter>
    </ClCompile>
    <ClCompile Include="PlottingMath.cpp">
      <Filter>Source Files</Filter>
    </ClCompile>
    <ClCompile Include="GeoStraightArrow.cpp">
      <Filter>Source Files</Filter>
    </ClCompile>
    <ClCompile Include="FeatureEditing.cpp">
      <Filter>Source Files</Filter>
    </ClCompile>
    <ClCompile Include="AnnotationEditing.cpp">
      <Filter>Source Files</Filter>
    </ClCompile>
    <ClCompile Include="ToolProperty.cpp">
      <Filter>Source Files</Filter>
    </ClCompile>
    <ClCompile Include="ToolManaMent.cpp">
      <Filter>Source Files</Filter>
    </ClCompile>
    <ClCompile Include="SameCenter.cpp">
      <Filter>Source Files</Filter>
    </ClCompile>
    <ClCompile Include="PlotPickerCallback.cpp">
      <Filter>Source Files</Filter>
    </ClCompile>
    <ClCompile Include="GeoLune.cpp">
      <Filter>Source Files</Filter>
    </ClCompile>
    <ClCompile Include="GeoGatheringPlace.cpp">
      <Filter>Source Files</Filter>
    </ClCompile>
    <ClCompile Include="DrawTextTool.cpp">
      <Filter>Source Files</Filter>
    </ClCompile>
    <ClCompile Include="DrawJBModeTool.cpp">
      <Filter>Source Files</Filter>
    </ClCompile>
    <ClCompile Include="DrawImageTool.cpp">
      <Filter>Source Files</Filter>
    </ClCompile>
    <ClCompile Include="DrawGeoPoint.cpp">
      <Filter>Source Files</Filter>
    </ClCompile>
    <ClCompile Include="DrawCircleTool.cpp">
      <Filter>Source Files</Filter>
    </ClCompile>
    <ClCompile Include="CameraDevice.cpp">
      <Filter>Source Files</Filter>
    </ClCompile>
    <ClCompile Include="SignageNode.cpp">
      <Filter>Source Files</Filter>
    </ClCompile>
    <ClCompile Include="PolygonBoxDrawble.cpp">
      <Filter>Source Files</Filter>
    </ClCompile>
    <ClCompile Include="SimpleBoxDrawable.cpp">
      <Filter>Source Files</Filter>
    </ClCompile>
    <ClCompile Include="ComplexBoxDrawable.cpp">
      <Filter>Source Files</Filter>
    </ClCompile>
  </ItemGroup>
  <ItemGroup>
    <None Include="AnnotationEditing.h">
      <Filter>Header Files</Filter>
    </None>
    <None Include="FeatureEditing.h">
      <Filter>Header Files</Filter>
    </None>
  </ItemGroup>
  <ItemGroup>
    <QtMoc Include="DrawTool.h">
      <Filter>Header Files</Filter>
    </QtMoc>
    <QtMoc Include="PlotPickerCallback.h">
      <Filter>Header Files</Filter>
    </QtMoc>
  </ItemGroup>
</Project>