<?xml version="1.0" encoding="utf-8"?>
<Project ToolsVersion="4.0" xmlns="http://schemas.microsoft.com/developer/msbuild/2003">
  <ItemGroup>
    <Filter Include="Source Files">
      <UniqueIdentifier>{4FC737F1-C7A5-4376-A066-2A32D752A2FF}</UniqueIdentifier>
      <Extensions>cpp;c;cc;cxx;def;odl;idl;hpj;bat;asm;asmx</Extensions>
    </Filter>
    <Filter Include="Header Files">
      <UniqueIdentifier>{93995380-89BD-4b04-88EB-625FBE52EBFB}</UniqueIdentifier>
      <Extensions>h;hh;hpp;hxx;hm;inl;inc;xsd</Extensions>
    </Filter>
    <Filter Include="Resource Files">
      <UniqueIdentifier>{D9D6E242-F8AF-46E4-B9FD-80ECBC20BA3E}</UniqueIdentifier>
      <Extensions>qrc;*</Extensions>
      <ParseFiles>false</ParseFiles>
    </Filter>
    <Filter Include="Resource Files">
      <UniqueIdentifier>{D9D6E242-F8AF-46E4-B9FD-80ECBC20BA3E}</UniqueIdentifier>
      <Extensions>qrc;*</Extensions>
      <ParseFiles>false</ParseFiles>
    </Filter>
    <Filter Include="Generated Files">
      <UniqueIdentifier>{71ED8ED8-ACB9-4CE9-BBE1-E00B30144E11}</UniqueIdentifier>
      <Extensions>moc;h;cpp</Extensions>
      <SourceControlFiles>False</SourceControlFiles>
    </Filter>
  </ItemGroup>
  <ItemGroup>
    <ClInclude Include="TsbhTools.h">
      <Filter>Header Files</Filter>
    </ClInclude>
    <ClInclude Include="TsbhTools_global.h">
      <Filter>Header Files</Filter>
    </ClInclude>
    <ClInclude Include="DrawCircle.h">
      <Filter>Header Files</Filter>
    </ClInclude>
    <ClInclude Include="DrawGeometry.h">
      <Filter>Header Files</Filter>
    </ClInclude>
    <ClInclude Include="MeasureArea.h">
      <Filter>Header Files</Filter>
    </ClInclude>
    <ClInclude Include="MeasureAzimuth.h">
      <Filter>Header Files</Filter>
    </ClInclude>
    <ClInclude Include="MeasureGradientAnalysis.h">
      <Filter>Header Files</Filter>
    </ClInclude>
    <ClInclude Include="MeasureLine.h">
      <Filter>Header Files</Filter>
    </ClInclude>
    <ClInclude Include="MeasureLinearSight.h">
      <Filter>Header Files</Filter>
    </ClInclude>
    <ClInclude Include="MeasurePathAnalysis.h">
      <Filter>Header Files</Filter>
    </ClInclude>
    <ClInclude Include="MeasurePoint.h">
      <Filter>Header Files</Filter>
    </ClInclude>
    <ClInclude Include="MeasureProfileAnalysis.h">
      <Filter>Header Files</Filter>
    </ClInclude>
    <ClInclude Include="MeasureRadialAnalysis.h">
      <Filter>Header Files</Filter>
    </ClInclude>
    <ClInclude Include="RadialLineOfSight.h">
      <Filter>Header Files</Filter>
    </ClInclude>
    <ClInclude Include="RichLabelNode.h">
      <Filter>Header Files</Filter>
    </ClInclude>
    <ClInclude Include="ToolHandle.h">
      <Filter>Header Files</Filter>
    </ClInclude>
    <ClInclude Include="VisibilityTestArea.h">
      <Filter>Header Files</Filter>
    </ClInclude>
  </ItemGroup>
  <ItemGroup>
    <ClCompile Include="TsbhTools.cpp">
      <Filter>Source Files</Filter>
    </ClCompile>
    <ClCompile Include="DrawCircle.cpp">
      <Filter>Source Files</Filter>
    </ClCompile>
    <ClCompile Include="DrawGeometry.cpp">
      <Filter>Source Files</Filter>
    </ClCompile>
    <ClCompile Include="MeasureArea.cpp">
      <Filter>Source Files</Filter>
    </ClCompile>
    <ClCompile Include="MeasureAzimuth.cpp">
      <Filter>Source Files</Filter>
    </ClCompile>
    <ClCompile Include="MeasureGradientAnalysis.cpp">
      <Filter>Source Files</Filter>
    </ClCompile>
    <ClCompile Include="MeasureLine.cpp">
      <Filter>Source Files</Filter>
    </ClCompile>
    <ClCompile Include="MeasureLinearSight.cpp">
      <Filter>Source Files</Filter>
    </ClCompile>
    <ClCompile Include="MeasurePathAnalysis.cpp">
      <Filter>Source Files</Filter>
    </ClCompile>
    <ClCompile Include="MeasurePoint.cpp">
      <Filter>Source Files</Filter>
    </ClCompile>
    <ClCompile Include="MeasureProfileAnalysis.cpp">
      <Filter>Source Files</Filter>
    </ClCompile>
    <ClCompile Include="MeasureRadialAnalysis.cpp">
      <Filter>Source Files</Filter>
    </ClCompile>
    <ClCompile Include="RadialLineOfSight.cpp">
      <Filter>Source Files</Filter>
    </ClCompile>
    <ClCompile Include="RichLabelNode.cpp">
      <Filter>Source Files</Filter>
    </ClCompile>
    <ClCompile Include="ToolHandle.cpp">
      <Filter>Source Files</Filter>
    </ClCompile>
    <ClCompile Include="VisibilityTestArea.cpp">
      <Filter>Source Files</Filter>
    </ClCompile>
  </ItemGroup>
</Project>